
Microsoft Visual Studio Solution File, Format Version 12.00
# Visual Studio Version 16
VisualStudioVersion = 16.0.30406.217
MinimumVisualStudioVersion = 10.0.40219.1
Project("{FAE04EC0-301F-11D3-BF4B-00C04F79EFBC}") = "Ex01", "Ex01\Ex01.csproj", "{57CED301-B736-4B9A-89B8-84FC9300EE45}"
EndProject
Project("{FAE04EC0-301F-11D3-BF4B-00C04F79EFBC}") = "Ex02", "Ex02\Ex02.csproj", "{37474102-E945-47B1-B144-BC638176E996}"
EndProject
Project("{FAE04EC0-301F-11D3-BF4B-00C04F79EFBC}") = "Ex03", "Ex03\Ex03.csproj", "{9FF69C8D-3281-41A5-91A2-FE6A2C232C8C}"
EndProject
Project("{FAE04EC0-301F-11D3-BF4B-00C04F79EFBC}") = "Ex04", "Ex04\Ex04.csproj", "{82506ADB-B660-43F6-9DFC-7CA3922ACCC7}"
EndProject
Project("{FAE04EC0-301F-11D3-BF4B-00C04F79EFBC}") = "Ex04_10", "Ex04_10\Ex04_10.csproj", "{7A282B6B-39AA-43DC-8705-603EA52C41E0}"
EndProject
Project("{FAE04EC0-301F-11D3-BF4B-00C04F79EFBC}") = "Ex05", "Ex05\Ex05.csproj", "{D28FDDA9-7D36-4C75-943C-34822866351C}"
EndProject
Project("{FAE04EC0-301F-11D3-BF4B-00C04F79EFBC}") = "Ex06", "Ex06\Ex06.csproj", "{AA46714F-6E1B-49FD-9CBD-F32DBAFF3E83}"
EndProject
Project("{FAE04EC0-301F-11D3-BF4B-00C04F79EFBC}") = "Ex07", "Ex07\Ex07.csproj", "{C102F89D-332B-402C-9C0A-08258BF5E14B}"
EndProject
Project("{FAE04EC0-301F-11D3-BF4B-00C04F79EFBC}") = "Ex08", "Ex08\Ex08.csproj", "{0F46B784-B6FC-429B-89FF-9493190A0432}"
EndProject
Project("{FAE04EC0-301F-11D3-BF4B-00C04F79EFBC}") = "Ex09", "Ex09\Ex09.csproj", "{7BD4940C-BB69-4A40-AE18-8EA2EA99F179}"
EndProject
Project("{FAE04EC0-301F-11D3-BF4B-00C04F79EFBC}") = "Ex10", "Ex10\Ex10.csproj", "{D3B73AE1-A53E-48F9-8FF2-A4E0C6C5D5D7}"
EndProject
Global
	GlobalSection(SolutionConfigurationPlatforms) = preSolution
		Debug|Any CPU = Debug|Any CPU
		Release|Any CPU = Release|Any CPU
	EndGlobalSection
	GlobalSection(ProjectConfigurationPlatforms) = postSolution
		{57CED301-B736-4B9A-89B8-84FC9300EE45}.Debug|Any CPU.ActiveCfg = Debug|Any CPU
		{57CED301-B736-4B9A-89B8-84FC9300EE45}.Debug|Any CPU.Build.0 = Debug|Any CPU
		{57CED301-B736-4B9A-89B8-84FC9300EE45}.Release|Any CPU.ActiveCfg = Release|Any CPU
		{57CED301-B736-4B9A-89B8-84FC9300EE45}.Release|Any CPU.Build.0 = Release|Any CPU
		{37474102-E945-47B1-B144-BC638176E996}.Debug|Any CPU.ActiveCfg = Debug|Any CPU
		{37474102-E945-47B1-B144-BC638176E996}.Debug|Any CPU.Build.0 = Debug|Any CPU
		{37474102-E945-47B1-B144-BC638176E996}.Release|Any CPU.ActiveCfg = Release|Any CPU
		{37474102-E945-47B1-B144-BC638176E996}.Release|Any CPU.Build.0 = Release|Any CPU
		{9FF69C8D-3281-41A5-91A2-FE6A2C232C8C}.Debug|Any CPU.ActiveCfg = Debug|Any CPU
		{9FF69C8D-3281-41A5-91A2-FE6A2C232C8C}.Debug|Any CPU.Build.0 = Debug|Any CPU
		{9FF69C8D-3281-41A5-91A2-FE6A2C232C8C}.Release|Any CPU.ActiveCfg = Release|Any CPU
		{9FF69C8D-3281-41A5-91A2-FE6A2C232C8C}.Release|Any CPU.Build.0 = Release|Any CPU
		{82506ADB-B660-43F6-9DFC-7CA3922ACCC7}.Debug|Any CPU.ActiveCfg = Debug|Any CPU
		{82506ADB-B660-43F6-9DFC-7CA3922ACCC7}.Debug|Any CPU.Build.0 = Debug|Any CPU
		{82506ADB-B660-43F6-9DFC-7CA3922ACCC7}.Release|Any CPU.ActiveCfg = Release|Any CPU
		{82506ADB-B660-43F6-9DFC-7CA3922ACCC7}.Release|Any CPU.Build.0 = Release|Any CPU
		{7A282B6B-39AA-43DC-8705-603EA52C41E0}.Debug|Any CPU.ActiveCfg = Debug|Any CPU
		{7A282B6B-39AA-43DC-8705-603EA52C41E0}.Debug|Any CPU.Build.0 = Debug|Any CPU
		{7A282B6B-39AA-43DC-8705-603EA52C41E0}.Release|Any CPU.ActiveCfg = Release|Any CPU
		{7A282B6B-39AA-43DC-8705-603EA52C41E0}.Release|Any CPU.Build.0 = Release|Any CPU
		{D28FDDA9-7D36-4C75-943C-34822866351C}.Debug|Any CPU.ActiveCfg = Debug|Any CPU
		{D28FDDA9-7D36-4C75-943C-34822866351C}.Debug|Any CPU.Build.0 = Debug|Any CPU
		{D28FDDA9-7D36-4C75-943C-34822866351C}.Release|Any CPU.ActiveCfg = Release|Any CPU
		{D28FDDA9-7D36-4C75-943C-34822866351C}.Release|Any CPU.Build.0 = Release|Any CPU
		{AA46714F-6E1B-49FD-9CBD-F32DBAFF3E83}.Debug|Any CPU.ActiveCfg = Debug|Any CPU
		{AA46714F-6E1B-49FD-9CBD-F32DBAFF3E83}.Debug|Any CPU.Build.0 = Debug|Any CPU
		{AA46714F-6E1B-49FD-9CBD-F32DBAFF3E83}.Release|Any CPU.ActiveCfg = Release|Any CPU
		{AA46714F-6E1B-49FD-9CBD-F32DBAFF3E83}.Release|Any CPU.Build.0 = Release|Any CPU
		{C102F89D-332B-402C-9C0A-08258BF5E14B}.Debug|Any CPU.ActiveCfg = Debug|Any CPU
		{C102F89D-332B-402C-9C0A-08258BF5E14B}.Debug|Any CPU.Build.0 = Debug|Any CPU
		{C102F89D-332B-402C-9C0A-08258BF5E14B}.Release|Any CPU.ActiveCfg = Release|Any CPU
		{C102F89D-332B-402C-9C0A-08258BF5E14B}.Release|Any CPU.Build.0 = Release|Any CPU
		{0F46B784-B6FC-429B-89FF-9493190A0432}.Debug|Any CPU.ActiveCfg = Debug|Any CPU
		{0F46B784-B6FC-429B-89FF-9493190A0432}.Debug|Any CPU.Build.0 = Debug|Any CPU
		{0F46B784-B6FC-429B-89FF-9493190A0432}.Release|Any CPU.ActiveCfg = Release|Any CPU
		{0F46B784-B6FC-429B-89FF-9493190A0432}.Release|Any CPU.Build.0 = Release|Any CPU
		{7BD4940C-BB69-4A40-AE18-8EA2EA99F179}.Debug|Any CPU.ActiveCfg = Debug|Any CPU
		{7BD4940C-BB69-4A40-AE18-8EA2EA99F179}.Debug|Any CPU.Build.0 = Debug|Any CPU
		{7BD4940C-BB69-4A40-AE18-8EA2EA99F179}.Release|Any CPU.ActiveCfg = Release|Any CPU
		{7BD4940C-BB69-4A40-AE18-8EA2EA99F179}.Release|Any CPU.Build.0 = Release|Any CPU
		{D3B73AE1-A53E-48F9-8FF2-A4E0C6C5D5D7}.Debug|Any CPU.ActiveCfg = Debug|Any CPU
		{D3B73AE1-A53E-48F9-8FF2-A4E0C6C5D5D7}.Debug|Any CPU.Build.0 = Debug|Any CPU
		{D3B73AE1-A53E-48F9-8FF2-A4E0C6C5D5D7}.Release|Any CPU.ActiveCfg = Release|Any CPU
		{D3B73AE1-A53E-48F9-8FF2-A4E0C6C5D5D7}.Release|Any CPU.Build.0 = Release|Any CPU
	EndGlobalSection
	GlobalSection(SolutionProperties) = preSolution
		HideSolutionNode = FALSE
	EndGlobalSection
	GlobalSection(ExtensibilityGlobals) = postSolution
		SolutionGuid = {586E0C65-32E3-4050-A476-A61AD7B6849D}
	EndGlobalSection
EndGlobal
